
Microsoft Visual Studio Solution File, Format Version 12.00
# Visual Studio Version 17
VisualStudioVersion = 17.8.34330.188
MinimumVisualStudioVersion = 10.0.40219.1
Project("{FAE04EC0-301F-11D3-BF4B-00C04F79EFBC}") = "JWTAuthenticationDemo", "JWTAuthenticationDemo\JWTAuthenticationDemo.csproj", "{5A81B0D9-4BF3-4B7A-857F-A8458E6F5715}"
EndProject
Global
	GlobalSection(SolutionConfigurationPlatforms) = preSolution
		Debug|Any CPU = Debug|Any CPU
		Release|Any CPU = Release|Any CPU
	EndGlobalSection
	GlobalSection(ProjectConfigurationPlatforms) = postSolution
		{5A81B0D9-4BF3-4B7A-857F-A8458E6F5715}.Debug|Any CPU.ActiveCfg = Debug|Any CPU
		{5A81B0D9-4BF3-4B7A-857F-A8458E6F5715}.Debug|Any CPU.Build.0 = Debug|Any CPU
		{5A81B0D9-4BF3-4B7A-857F-A8458E6F5715}.Release|Any CPU.ActiveCfg = Release|Any CPU
		{5A81B0D9-4BF3-4B7A-857F-A8458E6F5715}.Release|Any CPU.Build.0 = Release|Any CPU
	EndGlobalSection
	GlobalSection(SolutionProperties) = preSolution
		HideSolutionNode = FALSE
	EndGlobalSection
	GlobalSection(ExtensibilityGlobals) = postSolution
		SolutionGuid = {DB05D6A8-8B24-4731-9A9C-A61603650D7B}
	EndGlobalSection
EndGlobal
